
Microsoft Visual Studio Solution File, Format Version 12.00
# Visual Studio Version 16
VisualStudioVersion = 16.0.30225.117
MinimumVisualStudioVersion = 10.0.40219.1
Project("{FAE04EC0-301F-11D3-BF4B-00C04F79EFBC}") = "Rachana.BookStore", "Rachana.BookStore\Rachana.BookStore.csproj", "{724CC5BA-902E-4ED5-B598-E9730AF123E1}"
EndProject
Global
	GlobalSection(SolutionConfigurationPlatforms) = preSolution
		Debug|Any CPU = Debug|Any CPU
		Release|Any CPU = Release|Any CPU
	EndGlobalSection
	GlobalSection(ProjectConfigurationPlatforms) = postSolution
		{724CC5BA-902E-4ED5-B598-E9730AF123E1}.Debug|Any CPU.ActiveCfg = Debug|Any CPU
		{724CC5BA-902E-4ED5-B598-E9730AF123E1}.Debug|Any CPU.Build.0 = Debug|Any CPU
		{724CC5BA-902E-4ED5-B598-E9730AF123E1}.Release|Any CPU.ActiveCfg = Release|Any CPU
		{724CC5BA-902E-4ED5-B598-E9730AF123E1}.Release|Any CPU.Build.0 = Release|Any CPU
	EndGlobalSection
	GlobalSection(SolutionProperties) = preSolution
		HideSolutionNode = FALSE
	EndGlobalSection
	GlobalSection(ExtensibilityGlobals) = postSolution
		SolutionGuid = {5B65D995-880A-41E5-95C1-49A08E0974B5}
	EndGlobalSection
EndGlobal
